
Microsoft Visual Studio Solution File, Format Version 12.00
# Visual Studio 15
VisualStudioVersion = 15.0.28307.779
MinimumVisualStudioVersion = 10.0.40219.1
Project("{FAE04EC0-301F-11D3-BF4B-00C04F79EFBC}") = "SEHAmerica_ppt_Maker", "SEHAmerica_ppt_Maker\SEHAmerica_ppt_Maker.csproj", "{95D87FB0-53C8-4C79-B14C-5D0E529333E2}"
EndProject
Global
	GlobalSection(SolutionConfigurationPlatforms) = preSolution
		Debug|Any CPU = Debug|Any CPU
		Release|Any CPU = Release|Any CPU
	EndGlobalSection
	GlobalSection(ProjectConfigurationPlatforms) = postSolution
		{95D87FB0-53C8-4C79-B14C-5D0E529333E2}.Debug|Any CPU.ActiveCfg = Debug|Any CPU
		{95D87FB0-53C8-4C79-B14C-5D0E529333E2}.Debug|Any CPU.Build.0 = Debug|Any CPU
		{95D87FB0-53C8-4C79-B14C-5D0E529333E2}.Release|Any CPU.ActiveCfg = Release|Any CPU
		{95D87FB0-53C8-4C79-B14C-5D0E529333E2}.Release|Any CPU.Build.0 = Release|Any CPU
	EndGlobalSection
	GlobalSection(SolutionProperties) = preSolution
		HideSolutionNode = FALSE
	EndGlobalSection
	GlobalSection(ExtensibilityGlobals) = postSolution
		SolutionGuid = {A22DEA4F-053B-439A-B070-CEF8BA9DF2B8}
	EndGlobalSection
EndGlobal
